
Microsoft Visual Studio Solution File, Format Version 12.00
# Visual Studio Version 17
VisualStudioVersion = 17.11.35327.3
MinimumVisualStudioVersion = 10.0.40219.1
Project("{9A19103F-16F7-4668-BE54-9A1E7A4F7556}") = "ResumeCraft_API", "ResumeCraft_API\ResumeCraft_API.csproj", "{B2BF2F1A-BFC3-4D0C-BFF3-277491913FF7}"
EndProject
Project("{FAE04EC0-301F-11D3-BF4B-00C04F79EFBC}") = "ResumeCraft_API.Models", "ResumeCraft_API.Models\ResumeCraft_API.Models.csproj", "{6865A150-01D8-4E17-93E2-D4D049CC32D8}"
EndProject
Project("{FAE04EC0-301F-11D3-BF4B-00C04F79EFBC}") = "ResumeCraft_API.DataAccess", "ResumeCraft_API.DataAccess\ResumeCraft_API.DataAccess.csproj", "{295709CA-CBCF-4365-9477-67E5A1F348ED}"
EndProject
Global
	GlobalSection(SolutionConfigurationPlatforms) = preSolution
		Debug|Any CPU = Debug|Any CPU
		Release|Any CPU = Release|Any CPU
	EndGlobalSection
	GlobalSection(ProjectConfigurationPlatforms) = postSolution
		{B2BF2F1A-BFC3-4D0C-BFF3-277491913FF7}.Debug|Any CPU.ActiveCfg = Debug|Any CPU
		{B2BF2F1A-BFC3-4D0C-BFF3-277491913FF7}.Debug|Any CPU.Build.0 = Debug|Any CPU
		{B2BF2F1A-BFC3-4D0C-BFF3-277491913FF7}.Release|Any CPU.ActiveCfg = Release|Any CPU
		{B2BF2F1A-BFC3-4D0C-BFF3-277491913FF7}.Release|Any CPU.Build.0 = Release|Any CPU
		{6865A150-01D8-4E17-93E2-D4D049CC32D8}.Debug|Any CPU.ActiveCfg = Debug|Any CPU
		{6865A150-01D8-4E17-93E2-D4D049CC32D8}.Debug|Any CPU.Build.0 = Debug|Any CPU
		{6865A150-01D8-4E17-93E2-D4D049CC32D8}.Release|Any CPU.ActiveCfg = Release|Any CPU
		{6865A150-01D8-4E17-93E2-D4D049CC32D8}.Release|Any CPU.Build.0 = Release|Any CPU
		{295709CA-CBCF-4365-9477-67E5A1F348ED}.Debug|Any CPU.ActiveCfg = Debug|Any CPU
		{295709CA-CBCF-4365-9477-67E5A1F348ED}.Debug|Any CPU.Build.0 = Debug|Any CPU
		{295709CA-CBCF-4365-9477-67E5A1F348ED}.Release|Any CPU.ActiveCfg = Release|Any CPU
		{295709CA-CBCF-4365-9477-67E5A1F348ED}.Release|Any CPU.Build.0 = Release|Any CPU
	EndGlobalSection
	GlobalSection(SolutionProperties) = preSolution
		HideSolutionNode = FALSE
	EndGlobalSection
	GlobalSection(ExtensibilityGlobals) = postSolution
		SolutionGuid = {4FAF9797-51B7-4DA9-916B-12FB55EAFEEC}
	EndGlobalSection
EndGlobal
